
Microsoft Visual Studio Solution File, Format Version 12.00
# Visual Studio Version 17
VisualStudioVersion = 17.10.35013.160
MinimumVisualStudioVersion = 10.0.40219.1
Project("{9A19103F-16F7-4668-BE54-9A1E7A4F7556}") = "FastRecruiter.Api", "FastRecruiter.Api.csproj", "{FA1E74F2-BC95-4900-B253-F0C2EEBA5C2B}"
EndProject
Project("{2150E333-8FDC-42A3-9474-1A3956D46DE8}") = "test", "test", "{79F18F2E-9087-4EFA-BD79-5FFDE7DD20F7}"
EndProject
Global
	GlobalSection(SolutionConfigurationPlatforms) = preSolution
		Debug|Any CPU = Debug|Any CPU
		Release|Any CPU = Release|Any CPU
	EndGlobalSection
	GlobalSection(ProjectConfigurationPlatforms) = postSolution
		{FA1E74F2-BC95-4900-B253-F0C2EEBA5C2B}.Debug|Any CPU.ActiveCfg = Debug|Any CPU
		{FA1E74F2-BC95-4900-B253-F0C2EEBA5C2B}.Debug|Any CPU.Build.0 = Debug|Any CPU
		{FA1E74F2-BC95-4900-B253-F0C2EEBA5C2B}.Release|Any CPU.ActiveCfg = Release|Any CPU
		{FA1E74F2-BC95-4900-B253-F0C2EEBA5C2B}.Release|Any CPU.Build.0 = Release|Any CPU
	EndGlobalSection
	GlobalSection(SolutionProperties) = preSolution
		HideSolutionNode = FALSE
	EndGlobalSection
	GlobalSection(ExtensibilityGlobals) = postSolution
		SolutionGuid = {4BC6DE35-687E-43CA-8C95-03CCAB8FE6E4}
	EndGlobalSection
EndGlobal
